
Microsoft Visual Studio Solution File, Format Version 12.00
# Visual Studio 15
VisualStudioVersion = 15.0.28307.1082
MinimumVisualStudioVersion = 10.0.40219.1
Project("{FAE04EC0-301F-11D3-BF4B-00C04F79EFBC}") = "SinemaBileti", "SinemaBileti\SinemaBileti.csproj", "{6DC1F703-4E17-4FA4-9CCE-0057B471562B}"
EndProject
Global
	GlobalSection(SolutionConfigurationPlatforms) = preSolution
		Debug|Any CPU = Debug|Any CPU
		Release|Any CPU = Release|Any CPU
	EndGlobalSection
	GlobalSection(ProjectConfigurationPlatforms) = postSolution
		{6DC1F703-4E17-4FA4-9CCE-0057B471562B}.Debug|Any CPU.ActiveCfg = Debug|Any CPU
		{6DC1F703-4E17-4FA4-9CCE-0057B471562B}.Debug|Any CPU.Build.0 = Debug|Any CPU
		{6DC1F703-4E17-4FA4-9CCE-0057B471562B}.Release|Any CPU.ActiveCfg = Release|Any CPU
		{6DC1F703-4E17-4FA4-9CCE-0057B471562B}.Release|Any CPU.Build.0 = Release|Any CPU
	EndGlobalSection
	GlobalSection(SolutionProperties) = preSolution
		HideSolutionNode = FALSE
	EndGlobalSection
	GlobalSection(ExtensibilityGlobals) = postSolution
		SolutionGuid = {D81DE30B-ED65-4628-A0EC-F89A53834760}
	EndGlobalSection
EndGlobal
